{
  "requires": true,
  "lockfileVersion": 1,
  "dependencies": {
    "gitbook-plugin-expandable-chapters": {
      "version": "0.2.0",
      "resolved": "https://registry.npmjs.org/gitbook-plugin-expandable-chapters/-/gitbook-plugin-expandable-chapters-0.2.0.tgz",
      "integrity": "sha1-RdcIeuaQekH0gSjFT+ViJKnBraI="
    },
    "gitbook-plugin-my-theme": {
      "version": "0.0.1",
      "resolved": "https://registry.npmjs.org/gitbook-plugin-my-theme/-/gitbook-plugin-my-theme-0.0.1.tgz",
      "integrity": "sha1-znanb1RxPNpbveJ86GqT2zcRa9M="
    }
  }
}
